// !$*UTF8*$!
{
	archiveVersion = 1;
	classes = {
	};
	objectVersion = 51;
	objects = {

/* Begin PBXBuildFile section */
		6D22B52E26E161FD0085E302 /* CoreLocation.swift in Sources */ = {isa = PBXBuildFile; fileRef = 6D22B52D26E161FD0085E302 /* CoreLocation.swift */; };
		6D22B53026E2B3F60085E302 /* CitiesApiParameters.swift in Sources */ = {isa = PBXBuildFile; fileRef = 6D22B52F26E2B3F60085E302 /* CitiesApiParameters.swift */; };
		6D22B53226E2B42B0085E302 /* APIHelpers.swift in Sources */ = {isa = PBXBuildFile; fileRef = 6D22B53126E2B42B0085E302 /* APIHelpers.swift */; };
		6D22B53426E2CCA90085E302 /* WeatherRequestsHelper.swift in Sources */ = {isa = PBXBuildFile; fileRef = 6D22B53326E2CCA90085E302 /* WeatherRequestsHelper.swift */; };
		6D22B53726E420FD0085E302 /* VIPERHelper.swift in Sources */ = {isa = PBXBuildFile; fileRef = 6D22B53626E420FD0085E302 /* VIPERHelper.swift */; };
		6D22B53D26E4236E0085E302 /* SettingsViewController.swift in Sources */ = {isa = PBXBuildFile; fileRef = 6D22B53C26E4236E0085E302 /* SettingsViewController.swift */; };
		6D22B53F26E423B60085E302 /* SettingsViewModel.swift in Sources */ = {isa = PBXBuildFile; fileRef = 6D22B53E26E423B60085E302 /* SettingsViewModel.swift */; };
		6D22B54126E424730085E302 /* ApplicationCoordinator.swift in Sources */ = {isa = PBXBuildFile; fileRef = 6D22B54026E424730085E302 /* ApplicationCoordinator.swift */; };
		6D22B54526E569B10085E302 /* BackButtonView.swift in Sources */ = {isa = PBXBuildFile; fileRef = 6D22B54426E569B10085E302 /* BackButtonView.swift */; };
		6D6F3EB0268A00FB007FCB0D /* WeatherDetailsView.swift in Sources */ = {isa = PBXBuildFile; fileRef = 6D6F3EAF268A00FB007FCB0D /* WeatherDetailsView.swift */; };
		6D9B20CC26DA5DF0003487FC /* UILocationCollectionViewCell.swift in Sources */ = {isa = PBXBuildFile; fileRef = 6D9B20CB26DA5DF0003487FC /* UILocationCollectionViewCell.swift */; };
		6D9B20CF26DA7322003487FC /* WeatherLocation.swift in Sources */ = {isa = PBXBuildFile; fileRef = 6D9B20CE26DA7322003487FC /* WeatherLocation.swift */; };
		6D9B20D326DB853F003487FC /* NotificationCenter.swift in Sources */ = {isa = PBXBuildFile; fileRef = 6D9B20D226DB853F003487FC /* NotificationCenter.swift */; };
		6D9B20D526DBBC54003487FC /* ForecastWeather.swift in Sources */ = {isa = PBXBuildFile; fileRef = 6D9B20D426DBBC54003487FC /* ForecastWeather.swift */; };
		6D9B20DC26E0124C003487FC /* LocationManager.swift in Sources */ = {isa = PBXBuildFile; fileRef = 6D9B20DB26E0124C003487FC /* LocationManager.swift */; };
		6DBC3DB226821D9D00AA3DFF /* AppDelegate.swift in Sources */ = {isa = PBXBuildFile; fileRef = 6DBC3DB126821D9D00AA3DFF /* AppDelegate.swift */; };
		6DBC3DB426821D9D00AA3DFF /* SceneDelegate.swift in Sources */ = {isa = PBXBuildFile; fileRef = 6DBC3DB326821D9D00AA3DFF /* SceneDelegate.swift */; };
		6DBC3DB626821D9D00AA3DFF /* WeatherViewController.swift in Sources */ = {isa = PBXBuildFile; fileRef = 6DBC3DB526821D9D00AA3DFF /* WeatherViewController.swift */; };
		6DBC3DBB26821D9F00AA3DFF /* Assets.xcassets in Resources */ = {isa = PBXBuildFile; fileRef = 6DBC3DBA26821D9F00AA3DFF /* Assets.xcassets */; };
		6DBC3DBE26821D9F00AA3DFF /* LaunchScreen.storyboard in Resources */ = {isa = PBXBuildFile; fileRef = 6DBC3DBC26821D9F00AA3DFF /* LaunchScreen.storyboard */; };
		6DBC3DC726821EA100AA3DFF /* WeatherInteractor.swift in Sources */ = {isa = PBXBuildFile; fileRef = 6DBC3DC626821EA100AA3DFF /* WeatherInteractor.swift */; };
		6DBC3DC926821EB000AA3DFF /* WeatherPresenter.swift in Sources */ = {isa = PBXBuildFile; fileRef = 6DBC3DC826821EB000AA3DFF /* WeatherPresenter.swift */; };
		6DBC3DCD26821ECB00AA3DFF /* WeatherRouter.swift in Sources */ = {isa = PBXBuildFile; fileRef = 6DBC3DCC26821ECB00AA3DFF /* WeatherRouter.swift */; };
		6DBC3DD32683248200AA3DFF /* WeatherAPIParameters.swift in Sources */ = {isa = PBXBuildFile; fileRef = 6DBC3DD22683248200AA3DFF /* WeatherAPIParameters.swift */; };
		6DBC3DD7268328C500AA3DFF /* UIExentions.swift in Sources */ = {isa = PBXBuildFile; fileRef = 6DBC3DD6268328C500AA3DFF /* UIExentions.swift */; };
		6DBC3DDB2683331400AA3DFF /* CurrentWeather.swift in Sources */ = {isa = PBXBuildFile; fileRef = 6DBC3DDA2683331400AA3DFF /* CurrentWeather.swift */; };
		6DBC3DDE2685C81A00AA3DFF /* UIWeatherCollectionViewCell.swift in Sources */ = {isa = PBXBuildFile; fileRef = 6DBC3DDD2685C81A00AA3DFF /* UIWeatherCollectionViewCell.swift */; };
		BB7EF8D488C8981DEFFE462F /* Pods_weatherApp.framework in Frameworks */ = {isa = PBXBuildFile; fileRef = C39D7F8A8DE74AE895305E27 /* Pods_weatherApp.framework */; };
/* End PBXBuildFile section */

/* Begin PBXFileReference section */
		35DE7744D2DDB597598005B2 /* Pods-weatherApp.debug.xcconfig */ = {isa = PBXFileReference; includeInIndex = 1; lastKnownFileType = text.xcconfig; name = "Pods-weatherApp.debug.xcconfig"; path = "Target Support Files/Pods-weatherApp/Pods-weatherApp.debug.xcconfig"; sourceTree = "<group>"; };
		6D22B52D26E161FD0085E302 /* CoreLocation.swift */ = {isa = PBXFileReference; lastKnownFileType = sourcecode.swift; path = CoreLocation.swift; sourceTree = "<group>"; };
		6D22B52F26E2B3F60085E302 /* CitiesApiParameters.swift */ = {isa = PBXFileReference; lastKnownFileType = sourcecode.swift; path = CitiesApiParameters.swift; sourceTree = "<group>"; };
		6D22B53126E2B42B0085E302 /* APIHelpers.swift */ = {isa = PBXFileReference; lastKnownFileType = sourcecode.swift; path = APIHelpers.swift; sourceTree = "<group>"; };
		6D22B53326E2CCA90085E302 /* WeatherRequestsHelper.swift */ = {isa = PBXFileReference; lastKnownFileType = sourcecode.swift; path = WeatherRequestsHelper.swift; sourceTree = "<group>"; };
		6D22B53626E420FD0085E302 /* VIPERHelper.swift */ = {isa = PBXFileReference; lastKnownFileType = sourcecode.swift; path = VIPERHelper.swift; sourceTree = "<group>"; };
		6D22B53C26E4236E0085E302 /* SettingsViewController.swift */ = {isa = PBXFileReference; lastKnownFileType = sourcecode.swift; path = SettingsViewController.swift; sourceTree = "<group>"; };
		6D22B53E26E423B60085E302 /* SettingsViewModel.swift */ = {isa = PBXFileReference; lastKnownFileType = sourcecode.swift; path = SettingsViewModel.swift; sourceTree = "<group>"; };
		6D22B54026E424730085E302 /* ApplicationCoordinator.swift */ = {isa = PBXFileReference; lastKnownFileType = sourcecode.swift; path = ApplicationCoordinator.swift; sourceTree = "<group>"; };
		6D22B54426E569B10085E302 /* BackButtonView.swift */ = {isa = PBXFileReference; lastKnownFileType = sourcecode.swift; path = BackButtonView.swift; sourceTree = "<group>"; };
		6D6F3EAF268A00FB007FCB0D /* WeatherDetailsView.swift */ = {isa = PBXFileReference; lastKnownFileType = sourcecode.swift; path = WeatherDetailsView.swift; sourceTree = "<group>"; };
		6D9B20CB26DA5DF0003487FC /* UILocationCollectionViewCell.swift */ = {isa = PBXFileReference; lastKnownFileType = sourcecode.swift; path = UILocationCollectionViewCell.swift; sourceTree = "<group>"; };
		6D9B20CE26DA7322003487FC /* WeatherLocation.swift */ = {isa = PBXFileReference; lastKnownFileType = sourcecode.swift; path = WeatherLocation.swift; sourceTree = "<group>"; };
		6D9B20D226DB853F003487FC /* NotificationCenter.swift */ = {isa = PBXFileReference; lastKnownFileType = sourcecode.swift; path = NotificationCenter.swift; sourceTree = "<group>"; };
		6D9B20D426DBBC54003487FC /* ForecastWeather.swift */ = {isa = PBXFileReference; lastKnownFileType = sourcecode.swift; path = ForecastWeather.swift; sourceTree = "<group>"; };
		6D9B20DB26E0124C003487FC /* LocationManager.swift */ = {isa = PBXFileReference; lastKnownFileType = sourcecode.swift; path = LocationManager.swift; sourceTree = "<group>"; };
		6DBC3DAE26821D9D00AA3DFF /* weatherApp.app */ = {isa = PBXFileReference; explicitFileType = wrapper.application; includeInIndex = 0; path = weatherApp.app; sourceTree = BUILT_PRODUCTS_DIR; };
		6DBC3DB126821D9D00AA3DFF /* AppDelegate.swift */ = {isa = PBXFileReference; lastKnownFileType = sourcecode.swift; path = AppDelegate.swift; sourceTree = "<group>"; };
		6DBC3DB326821D9D00AA3DFF /* SceneDelegate.swift */ = {isa = PBXFileReference; lastKnownFileType = sourcecode.swift; path = SceneDelegate.swift; sourceTree = "<group>"; };
		6DBC3DB526821D9D00AA3DFF /* WeatherViewController.swift */ = {isa = PBXFileReference; lastKnownFileType = sourcecode.swift; path = WeatherViewController.swift; sourceTree = "<group>"; };
		6DBC3DBA26821D9F00AA3DFF /* Assets.xcassets */ = {isa = PBXFileReference; lastKnownFileType = folder.assetcatalog; path = Assets.xcassets; sourceTree = "<group>"; };
		6DBC3DBD26821D9F00AA3DFF /* Base */ = {isa = PBXFileReference; lastKnownFileType = file.storyboard; name = Base; path = Base.lproj/LaunchScreen.storyboard; sourceTree = "<group>"; };
		6DBC3DBF26821D9F00AA3DFF /* Info.plist */ = {isa = PBXFileReference; lastKnownFileType = text.plist.xml; path = Info.plist; sourceTree = "<group>"; };
		6DBC3DC626821EA100AA3DFF /* WeatherInteractor.swift */ = {isa = PBXFileReference; lastKnownFileType = sourcecode.swift; path = WeatherInteractor.swift; sourceTree = "<group>"; };
		6DBC3DC826821EB000AA3DFF /* WeatherPresenter.swift */ = {isa = PBXFileReference; lastKnownFileType = sourcecode.swift; path = WeatherPresenter.swift; sourceTree = "<group>"; };
		6DBC3DCC26821ECB00AA3DFF /* WeatherRouter.swift */ = {isa = PBXFileReference; lastKnownFileType = sourcecode.swift; path = WeatherRouter.swift; sourceTree = "<group>"; };
		6DBC3DD22683248200AA3DFF /* WeatherAPIParameters.swift */ = {isa = PBXFileReference; lastKnownFileType = sourcecode.swift; path = WeatherAPIParameters.swift; sourceTree = "<group>"; };
		6DBC3DD6268328C500AA3DFF /* UIExentions.swift */ = {isa = PBXFileReference; lastKnownFileType = sourcecode.swift; path = UIExentions.swift; sourceTree = "<group>"; };
		6DBC3DDA2683331400AA3DFF /* CurrentWeather.swift */ = {isa = PBXFileReference; lastKnownFileType = sourcecode.swift; path = CurrentWeather.swift; sourceTree = "<group>"; };
		6DBC3DDD2685C81A00AA3DFF /* UIWeatherCollectionViewCell.swift */ = {isa = PBXFileReference; lastKnownFileType = sourcecode.swift; path = UIWeatherCollectionViewCell.swift; sourceTree = "<group>"; };
		940EAA4888602E4C81625898 /* Pods-weatherApp.release.xcconfig */ = {isa = PBXFileReference; includeInIndex = 1; lastKnownFileType = text.xcconfig; name = "Pods-weatherApp.release.xcconfig"; path = "Target Support Files/Pods-weatherApp/Pods-weatherApp.release.xcconfig"; sourceTree = "<group>"; };
		C39D7F8A8DE74AE895305E27 /* Pods_weatherApp.framework */ = {isa = PBXFileReference; explicitFileType = wrapper.framework; includeInIndex = 0; path = Pods_weatherApp.framework; sourceTree = BUILT_PRODUCTS_DIR; };
/* End PBXFileReference section */

/* Begin PBXFrameworksBuildPhase section */
		6DBC3DAB26821D9D00AA3DFF /* Frameworks */ = {
			isa = PBXFrameworksBuildPhase;
			buildActionMask = 2147483647;
			files = (
				BB7EF8D488C8981DEFFE462F /* Pods_weatherApp.framework in Frameworks */,
			);
			runOnlyForDeploymentPostprocessing = 0;
		};
/* End PBXFrameworksBuildPhase section */

/* Begin PBXGroup section */
		6D22B53526E420630085E302 /* WeatherBlock */ = {
			isa = PBXGroup;
			children = (
				6D22B54226E560130085E302 /* WeatherFactory */,
				6DBC3DD8268332EE00AA3DFF /* WeatherRequests */,
				6DBC3DD9268332FB00AA3DFF /* WeatherResponse */,
				6DBC3DD12683246400AA3DFF /* WeatherAPIHelper */,
				6DBC3DDC2685C7EA00AA3DFF /* WeatherViewCells */,
				6DBC3DC526821E7300AA3DFF /* WeatherVIPER */,
			);
			path = WeatherBlock;
			sourceTree = "<group>";
		};
		6D22B53826E421E70085E302 /* Application */ = {
			isa = PBXGroup;
			children = (
				6DBC3DB126821D9D00AA3DFF /* AppDelegate.swift */,
				6DBC3DB326821D9D00AA3DFF /* SceneDelegate.swift */,
				6D22B54026E424730085E302 /* ApplicationCoordinator.swift */,
			);
			path = Application;
			sourceTree = "<group>";
		};
		6D22B53926E4221D0085E302 /* Resources */ = {
			isa = PBXGroup;
			children = (
				6DBC3DBA26821D9F00AA3DFF /* Assets.xcassets */,
				6DBC3DBC26821D9F00AA3DFF /* LaunchScreen.storyboard */,
				6DBC3DBF26821D9F00AA3DFF /* Info.plist */,
			);
			path = Resources;
			sourceTree = "<group>";
		};
		6D22B53A26E423390085E302 /* UserFlow */ = {
			isa = PBXGroup;
			children = (
				6D22B53526E420630085E302 /* WeatherBlock */,
				6D22B53B26E423550085E302 /* SettingsBlock */,
			);
			path = UserFlow;
			sourceTree = "<group>";
		};
		6D22B53B26E423550085E302 /* SettingsBlock */ = {
			isa = PBXGroup;
			children = (
				6D22B53C26E4236E0085E302 /* SettingsViewController.swift */,
				6D22B53E26E423B60085E302 /* SettingsViewModel.swift */,
			);
			path = SettingsBlock;
			sourceTree = "<group>";
		};
		6D22B54226E560130085E302 /* WeatherFactory */ = {
			isa = PBXGroup;
			children = (
			);
			path = WeatherFactory;
			sourceTree = "<group>";
		};
		6D22B54326E569730085E302 /* CustomViews */ = {
			isa = PBXGroup;
			children = (
				6D22B54426E569B10085E302 /* BackButtonView.swift */,
			);
			path = CustomViews;
			sourceTree = "<group>";
		};
		6D6F3EAE268A00D8007FCB0D /* Views */ = {
			isa = PBXGroup;
			children = (
				6D6F3EAF268A00FB007FCB0D /* WeatherDetailsView.swift */,
			);
			path = Views;
			sourceTree = "<group>";
		};
		6D9B20CD26DA72F4003487FC /* Model */ = {
			isa = PBXGroup;
			children = (
				6D9B20CE26DA7322003487FC /* WeatherLocation.swift */,
			);
			path = Model;
			sourceTree = "<group>";
		};
		6D9B20DA26E0122F003487FC /* Managers */ = {
			isa = PBXGroup;
			children = (
				6D9B20DB26E0124C003487FC /* LocationManager.swift */,
			);
			path = Managers;
			sourceTree = "<group>";
		};
		6D9B20DD26E01465003487FC /* Helpers */ = {
			isa = PBXGroup;
			children = (
				6DBC3DD5268328AA00AA3DFF /* Extensions */,
				6D9B20DA26E0122F003487FC /* Managers */,
				6D22B53626E420FD0085E302 /* VIPERHelper.swift */,
			);
			path = Helpers;
			sourceTree = "<group>";
		};
		6DBC3DA526821D9D00AA3DFF = {
			isa = PBXGroup;
			children = (
				6DBC3DB026821D9D00AA3DFF /* weatherApp */,
				6DBC3DAF26821D9D00AA3DFF /* Products */,
				FDEE3C675587E90B46DF9D14 /* Pods */,
				A2EF49EEE13264CAD038CFF2 /* Frameworks */,
			);
			sourceTree = "<group>";
		};
		6DBC3DAF26821D9D00AA3DFF /* Products */ = {
			isa = PBXGroup;
			children = (
				6DBC3DAE26821D9D00AA3DFF /* weatherApp.app */,
			);
			name = Products;
			sourceTree = "<group>";
		};
		6DBC3DB026821D9D00AA3DFF /* weatherApp */ = {
			isa = PBXGroup;
			children = (
				6D22B53826E421E70085E302 /* Application */,
				6D22B53926E4221D0085E302 /* Resources */,
				6D9B20DD26E01465003487FC /* Helpers */,
				6D9B20CD26DA72F4003487FC /* Model */,
				6D22B54326E569730085E302 /* CustomViews */,
				6D22B53A26E423390085E302 /* UserFlow */,
			);
			path = weatherApp;
			sourceTree = "<group>";
		};
		6DBC3DC526821E7300AA3DFF /* WeatherVIPER */ = {
			isa = PBXGroup;
			children = (
				6DBC3DB526821D9D00AA3DFF /* WeatherViewController.swift */,
				6DBC3DC626821EA100AA3DFF /* WeatherInteractor.swift */,
				6DBC3DC826821EB000AA3DFF /* WeatherPresenter.swift */,
				6DBC3DCC26821ECB00AA3DFF /* WeatherRouter.swift */,
			);
			path = WeatherVIPER;
			sourceTree = "<group>";
		};
		6DBC3DD12683246400AA3DFF /* WeatherAPIHelper */ = {
			isa = PBXGroup;
			children = (
				6D6F3EAE268A00D8007FCB0D /* Views */,
				6D22B53126E2B42B0085E302 /* APIHelpers.swift */,
				6DBC3DD22683248200AA3DFF /* WeatherAPIParameters.swift */,
				6D22B52F26E2B3F60085E302 /* CitiesApiParameters.swift */,
			);
			path = WeatherAPIHelper;
			sourceTree = "<group>";
		};
		6DBC3DD5268328AA00AA3DFF /* Extensions */ = {
			isa = PBXGroup;
			children = (
				6DBC3DD6268328C500AA3DFF /* UIExentions.swift */,
				6D9B20D226DB853F003487FC /* NotificationCenter.swift */,
				6D22B52D26E161FD0085E302 /* CoreLocation.swift */,
			);
			path = Extensions;
			sourceTree = "<group>";
		};
		6DBC3DD8268332EE00AA3DFF /* WeatherRequests */ = {
			isa = PBXGroup;
			children = (
				6D22B53326E2CCA90085E302 /* WeatherRequestsHelper.swift */,
			);
			path = WeatherRequests;
			sourceTree = "<group>";
		};
		6DBC3DD9268332FB00AA3DFF /* WeatherResponse */ = {
			isa = PBXGroup;
			children = (
				6DBC3DDA2683331400AA3DFF /* CurrentWeather.swift */,
				6D9B20D426DBBC54003487FC /* ForecastWeather.swift */,
			);
			path = WeatherResponse;
			sourceTree = "<group>";
		};
		6DBC3DDC2685C7EA00AA3DFF /* WeatherViewCells */ = {
			isa = PBXGroup;
			children = (
				6D9B20CB26DA5DF0003487FC /* UILocationCollectionViewCell.swift */,
				6DBC3DDD2685C81A00AA3DFF /* UIWeatherCollectionViewCell.swift */,
			);
			path = WeatherViewCells;
			sourceTree = "<group>";
		};
		A2EF49EEE13264CAD038CFF2 /* Frameworks */ = {
			isa = PBXGroup;
			children = (
				C39D7F8A8DE74AE895305E27 /* Pods_weatherApp.framework */,
			);
			name = Frameworks;
			sourceTree = "<group>";
		};
		FDEE3C675587E90B46DF9D14 /* Pods */ = {
			isa = PBXGroup;
			children = (
				35DE7744D2DDB597598005B2 /* Pods-weatherApp.debug.xcconfig */,
				940EAA4888602E4C81625898 /* Pods-weatherApp.release.xcconfig */,
			);
			path = Pods;
			sourceTree = "<group>";
		};
/* End PBXGroup section */

/* Begin PBXNativeTarget section */
		6DBC3DAD26821D9D00AA3DFF /* weatherApp */ = {
			isa = PBXNativeTarget;
			buildConfigurationList = 6DBC3DC226821D9F00AA3DFF /* Build configuration list for PBXNativeTarget "weatherApp" */;
			buildPhases = (
				60C764B77022D7859E87FEC1 /* [CP] Check Pods Manifest.lock */,
				6DBC3DAA26821D9D00AA3DFF /* Sources */,
				6DBC3DAB26821D9D00AA3DFF /* Frameworks */,
				6DBC3DAC26821D9D00AA3DFF /* Resources */,
				285651FBCAA78952E8CB8038 /* [CP] Embed Pods Frameworks */,
			);
			buildRules = (
			);
			dependencies = (
			);
			name = weatherApp;
			productName = weatherApp;
			productReference = 6DBC3DAE26821D9D00AA3DFF /* weatherApp.app */;
			productType = "com.apple.product-type.application";
		};
/* End PBXNativeTarget section */

/* Begin PBXProject section */
		6DBC3DA626821D9D00AA3DFF /* Project object */ = {
			isa = PBXProject;
			attributes = {
				LastSwiftUpdateCheck = 1250;
				LastUpgradeCheck = 1250;
				TargetAttributes = {
					6DBC3DAD26821D9D00AA3DFF = {
						CreatedOnToolsVersion = 12.5;
					};
				};
			};
			buildConfigurationList = 6DBC3DA926821D9D00AA3DFF /* Build configuration list for PBXProject "weatherApp" */;
			compatibilityVersion = "Xcode 9.3";
			developmentRegion = en;
			hasScannedForEncodings = 0;
			knownRegions = (
				en,
				Base,
			);
			mainGroup = 6DBC3DA526821D9D00AA3DFF;
			productRefGroup = 6DBC3DAF26821D9D00AA3DFF /* Products */;
			projectDirPath = "";
			projectRoot = "";
			targets = (
				6DBC3DAD26821D9D00AA3DFF /* weatherApp */,
			);
		};
/* End PBXProject section */

/* Begin PBXResourcesBuildPhase section */
		6DBC3DAC26821D9D00AA3DFF /* Resources */ = {
			isa = PBXResourcesBuildPhase;
			buildActionMask = 2147483647;
			files = (
				6DBC3DBE26821D9F00AA3DFF /* LaunchScreen.storyboard in Resources */,
				6DBC3DBB26821D9F00AA3DFF /* Assets.xcassets in Resources */,
			);
			runOnlyForDeploymentPostprocessing = 0;
		};
/* End PBXResourcesBuildPhase section */

/* Begin PBXShellScriptBuildPhase section */
		285651FBCAA78952E8CB8038 /* [CP] Embed Pods Frameworks */ = {
			isa = PBXShellScriptBuildPhase;
			buildActionMask = 2147483647;
			files = (
			);
			inputFileListPaths = (
				"${PODS_ROOT}/Target Support Files/Pods-weatherApp/Pods-weatherApp-frameworks-${CONFIGURATION}-input-files.xcfilelist",
			);
			name = "[CP] Embed Pods Frameworks";
			outputFileListPaths = (
				"${PODS_ROOT}/Target Support Files/Pods-weatherApp/Pods-weatherApp-frameworks-${CONFIGURATION}-output-files.xcfilelist",
			);
			runOnlyForDeploymentPostprocessing = 0;
			shellPath = /bin/sh;
			shellScript = "\"${PODS_ROOT}/Target Support Files/Pods-weatherApp/Pods-weatherApp-frameworks.sh\"\n";
			showEnvVarsInLog = 0;
		};
		60C764B77022D7859E87FEC1 /* [CP] Check Pods Manifest.lock */ = {
			isa = PBXShellScriptBuildPhase;
			buildActionMask = 2147483647;
			files = (
			);
			inputFileListPaths = (
			);
			inputPaths = (
				"${PODS_PODFILE_DIR_PATH}/Podfile.lock",
				"${PODS_ROOT}/Manifest.lock",
			);
			name = "[CP] Check Pods Manifest.lock";
			outputFileListPaths = (
			);
			outputPaths = (
				"$(DERIVED_FILE_DIR)/Pods-weatherApp-checkManifestLockResult.txt",
			);
			runOnlyForDeploymentPostprocessing = 0;
			shellPath = /bin/sh;
			shellScript = "diff \"${PODS_PODFILE_DIR_PATH}/Podfile.lock\" \"${PODS_ROOT}/Manifest.lock\" > /dev/null\nif [ $? != 0 ] ; then\n    # print error to STDERR\n    echo \"error: The sandbox is not in sync with the Podfile.lock. Run 'pod install' or update your CocoaPods installation.\" >&2\n    exit 1\nfi\n# This output is used by Xcode 'outputs' to avoid re-running this script phase.\necho \"SUCCESS\" > \"${SCRIPT_OUTPUT_FILE_0}\"\n";
			showEnvVarsInLog = 0;
		};
/* End PBXShellScriptBuildPhase section */

/* Begin PBXSourcesBuildPhase section */
		6DBC3DAA26821D9D00AA3DFF /* Sources */ = {
			isa = PBXSourcesBuildPhase;
			buildActionMask = 2147483647;
			files = (
				6D9B20D526DBBC54003487FC /* ForecastWeather.swift in Sources */,
				6D22B53F26E423B60085E302 /* SettingsViewModel.swift in Sources */,
				6DBC3DB626821D9D00AA3DFF /* WeatherViewController.swift in Sources */,
				6DBC3DB226821D9D00AA3DFF /* AppDelegate.swift in Sources */,
				6D22B54526E569B10085E302 /* BackButtonView.swift in Sources */,
				6DBC3DD32683248200AA3DFF /* WeatherAPIParameters.swift in Sources */,
				6D9B20DC26E0124C003487FC /* LocationManager.swift in Sources */,
				6DBC3DCD26821ECB00AA3DFF /* WeatherRouter.swift in Sources */,
				6DBC3DDB2683331400AA3DFF /* CurrentWeather.swift in Sources */,
				6D6F3EB0268A00FB007FCB0D /* WeatherDetailsView.swift in Sources */,
				6D22B53726E420FD0085E302 /* VIPERHelper.swift in Sources */,
				6DBC3DDE2685C81A00AA3DFF /* UIWeatherCollectionViewCell.swift in Sources */,
				6DBC3DC726821EA100AA3DFF /* WeatherInteractor.swift in Sources */,
				6DBC3DB426821D9D00AA3DFF /* SceneDelegate.swift in Sources */,
				6D9B20D326DB853F003487FC /* NotificationCenter.swift in Sources */,
				6D22B53D26E4236E0085E302 /* SettingsViewController.swift in Sources */,
				6DBC3DD7268328C500AA3DFF /* UIExentions.swift in Sources */,
				6D22B53026E2B3F60085E302 /* CitiesApiParameters.swift in Sources */,
				6D22B53426E2CCA90085E302 /* WeatherRequestsHelper.swift in Sources */,
				6D22B52E26E161FD0085E302 /* CoreLocation.swift in Sources */,
				6D9B20CF26DA7322003487FC /* WeatherLocation.swift in Sources */,
				6DBC3DC926821EB000AA3DFF /* WeatherPresenter.swift in Sources */,
				6D9B20CC26DA5DF0003487FC /* UILocationCollectionViewCell.swift in Sources */,
				6D22B53226E2B42B0085E302 /* APIHelpers.swift in Sources */,
				6D22B54126E424730085E302 /* ApplicationCoordinator.swift in Sources */,
			);
			runOnlyForDeploymentPostprocessing = 0;
		};
/* End PBXSourcesBuildPhase section */

/* Begin PBXVariantGroup section */
		6DBC3DBC26821D9F00AA3DFF /* LaunchScreen.storyboard */ = {
			isa = PBXVariantGroup;
			children = (
				6DBC3DBD26821D9F00AA3DFF /* Base */,
			);
			name = LaunchScreen.storyboard;
			sourceTree = "<group>";
		};
/* End PBXVariantGroup section */

/* Begin XCBuildConfiguration section */
		6DBC3DC026821D9F00AA3DFF /* Debug */ = {
			isa = XCBuildConfiguration;
			buildSettings = {
				ALWAYS_SEARCH_USER_PATHS = NO;
				CLANG_ANALYZER_NONNULL = YES;
				CLANG_ANALYZER_NUMBER_OBJECT_CONVERSION = YES_AGGRESSIVE;
				CLANG_CXX_LANGUAGE_STANDARD = "gnu++14";
				CLANG_CXX_LIBRARY = "libc++";
				CLANG_ENABLE_MODULES = YES;
				CLANG_ENABLE_OBJC_ARC = YES;
				CLANG_ENABLE_OBJC_WEAK = YES;
				CLANG_WARN_BLOCK_CAPTURE_AUTORELEASING = YES;
				CLANG_WARN_BOOL_CONVERSION = YES;
				CLANG_WARN_COMMA = YES;
				CLANG_WARN_CONSTANT_CONVERSION = YES;
				CLANG_WARN_DEPRECATED_OBJC_IMPLEMENTATIONS = YES;
				CLANG_WARN_DIRECT_OBJC_ISA_USAGE = YES_ERROR;
				CLANG_WARN_DOCUMENTATION_COMMENTS = YES;
				CLANG_WARN_EMPTY_BODY = YES;
				CLANG_WARN_ENUM_CONVERSION = YES;
				CLANG_WARN_INFINITE_RECURSION = YES;
				CLANG_WARN_INT_CONVERSION = YES;
				CLANG_WARN_NON_LITERAL_NULL_CONVERSION = YES;
				CLANG_WARN_OBJC_IMPLICIT_RETAIN_SELF = YES;
				CLANG_WARN_OBJC_LITERAL_CONVERSION = YES;
				CLANG_WARN_OBJC_ROOT_CLASS = YES_ERROR;
				CLANG_WARN_QUOTED_INCLUDE_IN_FRAMEWORK_HEADER = YES;
				CLANG_WARN_RANGE_LOOP_ANALYSIS = YES;
				CLANG_WARN_STRICT_PROTOTYPES = YES;
				CLANG_WARN_SUSPICIOUS_MOVE = YES;
				CLANG_WARN_UNGUARDED_AVAILABILITY = YES_AGGRESSIVE;
				CLANG_WARN_UNREACHABLE_CODE = YES;
				CLANG_WARN__DUPLICATE_METHOD_MATCH = YES;
				COPY_PHASE_STRIP = NO;
				DEBUG_INFORMATION_FORMAT = dwarf;
				ENABLE_STRICT_OBJC_MSGSEND = YES;
				ENABLE_TESTABILITY = YES;
				GCC_C_LANGUAGE_STANDARD = gnu11;
				GCC_DYNAMIC_NO_PIC = NO;
				GCC_NO_COMMON_BLOCKS = YES;
				GCC_OPTIMIZATION_LEVEL = 0;
				GCC_PREPROCESSOR_DEFINITIONS = (
					"DEBUG=1",
					"$(inherited)",
				);
				GCC_WARN_64_TO_32_BIT_CONVERSION = YES;
				GCC_WARN_ABOUT_RETURN_TYPE = YES_ERROR;
				GCC_WARN_UNDECLARED_SELECTOR = YES;
				GCC_WARN_UNINITIALIZED_AUTOS = YES_AGGRESSIVE;
				GCC_WARN_UNUSED_FUNCTION = YES;
				GCC_WARN_UNUSED_VARIABLE = YES;
				IPHONEOS_DEPLOYMENT_TARGET = 14.5;
				MTL_ENABLE_DEBUG_INFO = INCLUDE_SOURCE;
				MTL_FAST_MATH = YES;
				ONLY_ACTIVE_ARCH = YES;
				SDKROOT = iphoneos;
				SWIFT_ACTIVE_COMPILATION_CONDITIONS = DEBUG;
				SWIFT_OPTIMIZATION_LEVEL = "-Onone";
			};
			name = Debug;
		};
		6DBC3DC126821D9F00AA3DFF /* Release */ = {
			isa = XCBuildConfiguration;
			buildSettings = {
				ALWAYS_SEARCH_USER_PATHS = NO;
				CLANG_ANALYZER_NONNULL = YES;
				CLANG_ANALYZER_NUMBER_OBJECT_CONVERSION = YES_AGGRESSIVE;
				CLANG_CXX_LANGUAGE_STANDARD = "gnu++14";
				CLANG_CXX_LIBRARY = "libc++";
				CLANG_ENABLE_MODULES = YES;
				CLANG_ENABLE_OBJC_ARC = YES;
				CLANG_ENABLE_OBJC_WEAK = YES;
				CLANG_WARN_BLOCK_CAPTURE_AUTORELEASING = YES;
				CLANG_WARN_BOOL_CONVERSION = YES;
				CLANG_WARN_COMMA = YES;
				CLANG_WARN_CONSTANT_CONVERSION = YES;
				CLANG_WARN_DEPRECATED_OBJC_IMPLEMENTATIONS = YES;
				CLANG_WARN_DIRECT_OBJC_ISA_USAGE = YES_ERROR;
				CLANG_WARN_DOCUMENTATION_COMMENTS = YES;
				CLANG_WARN_EMPTY_BODY = YES;
				CLANG_WARN_ENUM_CONVERSION = YES;
				CLANG_WARN_INFINITE_RECURSION = YES;
				CLANG_WARN_INT_CONVERSION = YES;
				CLANG_WARN_NON_LITERAL_NULL_CONVERSION = YES;
				CLANG_WARN_OBJC_IMPLICIT_RETAIN_SELF = YES;
				CLANG_WARN_OBJC_LITERAL_CONVERSION = YES;
				CLANG_WARN_OBJC_ROOT_CLASS = YES_ERROR;
				CLANG_WARN_QUOTED_INCLUDE_IN_FRAMEWORK_HEADER = YES;
				CLANG_WARN_RANGE_LOOP_ANALYSIS = YES;
				CLANG_WARN_STRICT_PROTOTYPES = YES;
				CLANG_WARN_SUSPICIOUS_MOVE = YES;
				CLANG_WARN_UNGUARDED_AVAILABILITY = YES_AGGRESSIVE;
				CLANG_WARN_UNREACHABLE_CODE = YES;
				CLANG_WARN__DUPLICATE_METHOD_MATCH = YES;
				COPY_PHASE_STRIP = NO;
				DEBUG_INFORMATION_FORMAT = "dwarf-with-dsym";
				ENABLE_NS_ASSERTIONS = NO;
				ENABLE_STRICT_OBJC_MSGSEND = YES;
				GCC_C_LANGUAGE_STANDARD = gnu11;
				GCC_NO_COMMON_BLOCKS = YES;
				GCC_WARN_64_TO_32_BIT_CONVERSION = YES;
				GCC_WARN_ABOUT_RETURN_TYPE = YES_ERROR;
				GCC_WARN_UNDECLARED_SELECTOR = YES;
				GCC_WARN_UNINITIALIZED_AUTOS = YES_AGGRESSIVE;
				GCC_WARN_UNUSED_FUNCTION = YES;
				GCC_WARN_UNUSED_VARIABLE = YES;
				IPHONEOS_DEPLOYMENT_TARGET = 14.5;
				MTL_ENABLE_DEBUG_INFO = NO;
				MTL_FAST_MATH = YES;
				SDKROOT = iphoneos;
				SWIFT_COMPILATION_MODE = wholemodule;
				SWIFT_OPTIMIZATION_LEVEL = "-O";
				VALIDATE_PRODUCT = YES;
			};
			name = Release;
		};
		6DBC3DC326821D9F00AA3DFF /* Debug */ = {
			isa = XCBuildConfiguration;
			baseConfigurationReference = 35DE7744D2DDB597598005B2 /* Pods-weatherApp.debug.xcconfig */;
			buildSettings = {
				ASSETCATALOG_COMPILER_APPICON_NAME = AppIcon;
				ASSETCATALOG_COMPILER_GLOBAL_ACCENT_COLOR_NAME = AccentColor;
				CODE_SIGN_STYLE = Automatic;
				DEVELOPMENT_TEAM = 799K37S9XB;
				INFOPLIST_FILE = weatherApp/Resources/Info.plist;
				LD_RUNPATH_SEARCH_PATHS = (
					"$(inherited)",
					"@executable_path/Frameworks",
				);
				PRODUCT_BUNDLE_IDENTIFIER = Dmytro.weatherApp;
				PRODUCT_NAME = "$(TARGET_NAME)";
				SWIFT_VERSION = 5.0;
				TARGETED_DEVICE_FAMILY = "1,2";
			};
			name = Debug;
		};
		6DBC3DC426821D9F00AA3DFF /* Release */ = {
			isa = XCBuildConfiguration;
			baseConfigurationReference = 940EAA4888602E4C81625898 /* Pods-weatherApp.release.xcconfig */;
			buildSettings = {
				ASSETCATALOG_COMPILER_APPICON_NAME = AppIcon;
				ASSETCATALOG_COMPILER_GLOBAL_ACCENT_COLOR_NAME = AccentColor;
				CODE_SIGN_STYLE = Automatic;
				DEVELOPMENT_TEAM = 799K37S9XB;
				INFOPLIST_FILE = weatherApp/Resources/Info.plist;
				LD_RUNPATH_SEARCH_PATHS = (
					"$(inherited)",
					"@executable_path/Frameworks",
				);
				PRODUCT_BUNDLE_IDENTIFIER = Dmytro.weatherApp;
				PRODUCT_NAME = "$(TARGET_NAME)";
				SWIFT_VERSION = 5.0;
				TARGETED_DEVICE_FAMILY = "1,2";
			};
			name = Release;
		};
/* End XCBuildConfiguration section */

/* Begin XCConfigurationList section */
		6DBC3DA926821D9D00AA3DFF /* Build configuration list for PBXProject "weatherApp" */ = {
			isa = XCConfigurationList;
			buildConfigurations = (
				6DBC3DC026821D9F00AA3DFF /* Debug */,
				6DBC3DC126821D9F00AA3DFF /* Release */,
			);
			defaultConfigurationIsVisible = 0;
			defaultConfigurationName = Release;
		};
		6DBC3DC226821D9F00AA3DFF /* Build configuration list for PBXNativeTarget "weatherApp" */ = {
			isa = XCConfigurationList;
			buildConfigurations = (
				6DBC3DC326821D9F00AA3DFF /* Debug */,
				6DBC3DC426821D9F00AA3DFF /* Release */,
			);
			defaultConfigurationIsVisible = 0;
			defaultConfigurationName = Release;
		};
/* End XCConfigurationList section */
	};
	rootObject = 6DBC3DA626821D9D00AA3DFF /* Project object */;
}
